
Microsoft Visual Studio Solution File, Format Version 12.00
Project("{FAE04EC0-301F-11D3-BF4B-00C04F79EFBC}") = "PJATK-APBD-Cw7-sxxxxx", "PJATK-APBD-Cw7-sxxxxx\PJATK-APBD-Cw7-sxxxxx.csproj", "{1ACBC22F-E9B8-4209-B24A-AC2838803561}"
EndProject
Global
	GlobalSection(SolutionConfigurationPlatforms) = preSolution
		Debug|Any CPU = Debug|Any CPU
		Release|Any CPU = Release|Any CPU
	EndGlobalSection
	GlobalSection(ProjectConfigurationPlatforms) = postSolution
		{1ACBC22F-E9B8-4209-B24A-AC2838803561}.Debug|Any CPU.ActiveCfg = Debug|Any CPU
		{1ACBC22F-E9B8-4209-B24A-AC2838803561}.Debug|Any CPU.Build.0 = Debug|Any CPU
		{1ACBC22F-E9B8-4209-B24A-AC2838803561}.Release|Any CPU.ActiveCfg = Release|Any CPU
		{1ACBC22F-E9B8-4209-B24A-AC2838803561}.Release|Any CPU.Build.0 = Release|Any CPU
	EndGlobalSection
EndGlobal
